{
  "version": 1,
  "dependencies": {
    ".NETFramework,Version=v4.6.2": {
      "BepInEx.BaseLib": {
        "type": "Direct",
        "requested": "[5.4.17, )",
        "resolved": "5.4.17",
        "contentHash": "92N4BKDiF9KO8kXbY2+zp7dHNXZP3WBKhzw7U8orcYncutD7peHtuLfUdMW4PGY/d0SsoA5eOcBeklFuh7OS8A=="
      },
      "Microsoft.NET.Test.Sdk": {
        "type": "Direct",
        "requested": "[17.0.0, )",
        "resolved": "17.0.0",
        "contentHash": "fJcnMY3jX1MzJvhGvUWauRhU5eQsOaHdwlrcnI3NabBhbi8WLAkMFI8d0YnewA/+b9q/U7vbhp8Xmh1vJ05FYQ==",
        "dependencies": {
          "Microsoft.CodeCoverage": "17.0.0"
        }
      },
      "NUnit": {
        "type": "Direct",
        "requested": "[3.13.2, )",
        "resolved": "3.13.2",
        "contentHash": "u+fz/lXyR4vlamySNAEMrXvh+GhAQiB6/aVZtU5WjivR5zF26Ui0tfteDtWqT90k9D8y6g8rFKYQC97Z7d195w=="
      },
      "NUnit3TestAdapter": {
        "type": "Direct",
        "requested": "[4.2.0, )",
        "resolved": "4.2.0",
        "contentHash": "srJGb2SExp0Y77p85cDYl/OlfMjxN/jXPh/CQpQOQWiWpnSSPV9I/jtMNJWr1uzqed23rLYYetGgUrwSZUHgfg=="
      },
      "NunitXml.TestLogger": {
        "type": "Direct",
        "requested": "[3.0.117, )",
        "resolved": "3.0.117",
        "contentHash": "+AEoIB71gu6R2QXzAs68MLlceLgo0T9hcL8yWGUi+UzozsDMIjHGKhqDqgCFwtO8UcXAJBaFNkK9o0gtFaLTSw=="
      },
      "Digitalroot.Valheim.Common.Json": {
        "type": "Transitive",
        "resolved": "1.0.15",
        "contentHash": "AHEPM0ApZBBf1H2TINqbNC7+iIzeYPJepxfYrmDwU20p5pwIC88w7Pm4k9A9UQPbnTeFX4qgtrzVKa3v145D1w==",
        "dependencies": {
          "UnityEngine.Modules": "[2019.4.31]",
          "fastJSON": "2.4.0.4"
        }
      },
      "fastJSON": {
        "type": "Transitive",
        "resolved": "2.4.0.4",
        "contentHash": "lbxY+miTOvCNbNfOk8HcbmBD9F6wv2dRKZlMjtJBm6rjA5vFKXBYtR6eoIe96HnCHOE1nCJbMsaZDKGNPg5mIA=="
      },
      "Microsoft.CodeCoverage": {
        "type": "Transitive",
        "resolved": "17.0.0",
        "contentHash": "+B+09FPYBtf+cXfZOPIgpnP5mzLq5QdlBo+JEFy9CdqBaWHWE/YMY0Mos9uDsZhcgFegJm9GigAgMyqBZyfq+Q=="
      },
      "UnityEngine.Modules": {
        "type": "Transitive",
        "resolved": "2019.4.31",
        "contentHash": "xZjdfGGzZw6nnrn4auRNis6WnAlsvqY1XXioEGJnSku+CylESgEt/sTLYlrbrQ0srnLfSCfx80vR8z4SsI1EuQ=="
      },
      "digitalroot.valheim.common.log": {
        "type": "Project",
        "dependencies": {
          "Digitalroot.Valheim.Common.Json": "1.0.15"
        }
      }
    }
  }
}