{
  "version": 1,
  "dependencies": {
    ".NETFramework,Version=v4.6.2": {
      "BepInEx.BaseLib": {
        "type": "Direct",
        "requested": "[5.4.19, 5.4.19]",
        "resolved": "5.4.19",
        "contentHash": "gwP3NK0WL5E+U/L0FMrygiDDNzEL4TYnezy+S7ocbUUhkhty3ueG5BRsKdKdra/2R3vWopf42CoA+MnnEmSY+w=="
      },
      "Digitalroot.Valheim.Common.Json": {
        "type": "Direct",
        "requested": "[1.0.18, )",
        "resolved": "1.0.18",
        "contentHash": "8nPR514UKMkl/pxC5HF90IltXQb0fz1QZFaKb3gX+REfIuGTGVavGWt+TmfcWo06tIHNHtcuyczS67poaUBUhA==",
        "dependencies": {
          "Digitalroot.Valheim.Common.References": "0.212.7",
          "fastJSON": "2.4.0.4"
        }
      },
      "Microsoft.NET.Test.Sdk": {
        "type": "Direct",
        "requested": "[17.4.0, )",
        "resolved": "17.4.0",
        "contentHash": "VtNZQ83ntG2aEUjy1gq6B4HNdn96se6FmdY/03At8WiqDReGrApm6OB2fNiSHz9D6IIEtWtNZ2FSH0RJDVXl/w==",
        "dependencies": {
          "Microsoft.CodeCoverage": "17.4.0"
        }
      },
      "NUnit": {
        "type": "Direct",
        "requested": "[3.13.3, )",
        "resolved": "3.13.3",
        "contentHash": "KNPDpls6EfHwC3+nnA67fh5wpxeLb3VLFAfLxrug6JMYDLHH6InaQIWR7Sc3y75d/9IKzMksH/gi08W7XWbmnQ=="
      },
      "NUnit3TestAdapter": {
        "type": "Direct",
        "requested": "[4.3.1, )",
        "resolved": "4.3.1",
        "contentHash": "R+bGFtsUpLWywjT1nb3xMmoVa2AIw6ClIGC+XjW9lYE8hwJeos+NdR/mtg4RXbBphmC9epALrnUc6MM7mUG8+Q=="
      },
      "NunitXml.TestLogger": {
        "type": "Direct",
        "requested": "[3.0.127, )",
        "resolved": "3.0.127",
        "contentHash": "v8cEbYVSZGwCD6290yKeRCsRpOwYcgnng1YRrQKGgP79mHuxj1b1lpb6kA02QoLUM5/Qv9aDSLmS0U05m6HlJg=="
      },
      "Digitalroot.Valheim.Common.References": {
        "type": "Transitive",
        "resolved": "0.212.7",
        "contentHash": "4mpt8e/2YXg5nCZBEwyVp/uLhsj4FqvQgRchly70p13wyONf7KAUSmsP6o9mfMKRRzvymPhvAKTtrIgaOPxBRA=="
      },
      "fastJSON": {
        "type": "Transitive",
        "resolved": "2.4.0.4",
        "contentHash": "lbxY+miTOvCNbNfOk8HcbmBD9F6wv2dRKZlMjtJBm6rjA5vFKXBYtR6eoIe96HnCHOE1nCJbMsaZDKGNPg5mIA=="
      },
      "Microsoft.CodeCoverage": {
        "type": "Transitive",
        "resolved": "17.4.0",
        "contentHash": "2oZbSVTC2nAvQ2DnbXLlXS+c25ZyZdWeNd+znWwAxwGaPh9dwQ5NBsYyqQB7sKmJKIUdkKGmN3rzFzjVC81Dtg=="
      },
      "digitalroot.valheim.common.log": {
        "type": "Project"
      }
    }
  }
}