{
  "version": 1,
  "dependencies": {
    ".NETFramework,Version=v4.6.2": {
      "BepInEx.BaseLib": {
        "type": "Direct",
        "requested": "[5.4.16, )",
        "resolved": "5.4.16",
        "contentHash": "DydXiAQqbb1mqC++WlwYqwJ5DN7o+jM8LSQ8P43t82WCAkJFny0ode48brrD6vilDQuxZ621SOK9uuI3xo3Gyg=="
      },
      "Microsoft.NET.Test.Sdk": {
        "type": "Direct",
        "requested": "[17.0.0, )",
        "resolved": "17.0.0",
        "contentHash": "fJcnMY3jX1MzJvhGvUWauRhU5eQsOaHdwlrcnI3NabBhbi8WLAkMFI8d0YnewA/+b9q/U7vbhp8Xmh1vJ05FYQ==",
        "dependencies": {
          "Microsoft.CodeCoverage": "17.0.0"
        }
      },
      "NUnit": {
        "type": "Direct",
        "requested": "[3.13.2, )",
        "resolved": "3.13.2",
        "contentHash": "u+fz/lXyR4vlamySNAEMrXvh+GhAQiB6/aVZtU5WjivR5zF26Ui0tfteDtWqT90k9D8y6g8rFKYQC97Z7d195w=="
      },
      "NUnit3TestAdapter": {
        "type": "Direct",
        "requested": "[4.1.0, )",
        "resolved": "4.1.0",
        "contentHash": "v45RJt87pPAWlCDIftmtQhNK0mXd81IcnTE6SmWUmxi6YegCvkQogZQ/ROw4zyNyo2HI3Ckby3LB0GHF4bEIXg=="
      },
      "NunitXml.TestLogger": {
        "type": "Direct",
        "requested": "[3.0.117, )",
        "resolved": "3.0.117",
        "contentHash": "+AEoIB71gu6R2QXzAs68MLlceLgo0T9hcL8yWGUi+UzozsDMIjHGKhqDqgCFwtO8UcXAJBaFNkK9o0gtFaLTSw=="
      },
      "Digitalroot.Valheim.Common.Json": {
        "type": "Transitive",
        "resolved": "1.0.14",
        "contentHash": "4ogco1dwkUwExMfr23rV69SH6KqgyUA4P+Vtims8K53WPg8+5IIf6vHfcnk9HMrKxMm53CA83BVYlemL0grwkg==",
        "dependencies": {
          "UnityEngine.Modules": "[2019.4.32]",
          "fastJSON": "2.4.0.4"
        }
      },
      "fastJSON": {
        "type": "Transitive",
        "resolved": "2.4.0.4",
        "contentHash": "lbxY+miTOvCNbNfOk8HcbmBD9F6wv2dRKZlMjtJBm6rjA5vFKXBYtR6eoIe96HnCHOE1nCJbMsaZDKGNPg5mIA=="
      },
      "Microsoft.CodeCoverage": {
        "type": "Transitive",
        "resolved": "17.0.0",
        "contentHash": "+B+09FPYBtf+cXfZOPIgpnP5mzLq5QdlBo+JEFy9CdqBaWHWE/YMY0Mos9uDsZhcgFegJm9GigAgMyqBZyfq+Q=="
      },
      "UnityEngine.Modules": {
        "type": "Transitive",
        "resolved": "2019.4.32",
        "contentHash": "7KmS0Nz+s89igz/tDBRk9PEmWqlwReQZf9E6tl6/uV5DndbaR5WInqis4y6Fwq1B++2leamS7qPffnW5+WQwUw=="
      },
      "digitalroot.valheim.common.log": {
        "type": "Project",
        "dependencies": {
          "Digitalroot.Valheim.Common.Json": "1.0.14"
        }
      }
    }
  }
}